
Microsoft Visual Studio Solution File, Format Version 12.00
# Visual Studio Version 17
VisualStudioVersion = 17.1.32228.430
MinimumVisualStudioVersion = 10.0.40219.1
Project("{8BC9CEB8-8B4A-11D0-8D11-00A0C91BC942}") = "test1", "test1\test1.vcxproj", "{0DA7DB6A-F7A1-4119-823C-2F4BFA03825F}"
EndProject
Project("{8BC9CEB8-8B4A-11D0-8D11-00A0C91BC942}") = "rtiw", "rtiw\rtiw.vcxproj", "{B46DD86F-50F7-4188-B0B8-4E589087C527}"
EndProject
Project("{8BC9CEB8-8B4A-11D0-8D11-00A0C91BC942}") = "timertopic", "timertopic\timertopic.vcxproj", "{E7A30A99-0BBC-427C-B338-2AEC20A1A577}"
EndProject
Project("{8BC9CEB8-8B4A-11D0-8D11-00A0C91BC942}") = "drawing", "drawing\drawing.vcxproj", "{3361D600-83F1-4445-B2D6-F268BD43D624}"
EndProject
Project("{8BC9CEB8-8B4A-11D0-8D11-00A0C91BC942}") = "randomlines", "randomlines\randomlines.vcxproj", "{F58705C0-C11F-434D-BC76-CCCBAB3E9D66}"
EndProject
Project("{8BC9CEB8-8B4A-11D0-8D11-00A0C91BC942}") = "randomrects", "randomrects\randomrects.vcxproj", "{BD64E70E-4D4D-4F2A-97DC-841173BB5726}"
EndProject
Project("{8BC9CEB8-8B4A-11D0-8D11-00A0C91BC942}") = "randompoints", "randompoints\randompoints.vcxproj", "{A89D981F-55B1-4DE3-825E-37A9C796A978}"
EndProject
Project("{8BC9CEB8-8B4A-11D0-8D11-00A0C91BC942}") = "randomshapes", "randomshapes\randomshapes.vcxproj", "{AABA099F-CE7E-4576-98D4-340CF3EE05C3}"
EndProject
Project("{8BC9CEB8-8B4A-11D0-8D11-00A0C91BC942}") = "randomellipses", "randomellipses\randomellipses.vcxproj", "{F15DD0A7-6B9C-4BDE-A543-D84434B7E3EB}"
EndProject
Project("{8BC9CEB8-8B4A-11D0-8D11-00A0C91BC942}") = "demoscene", "demoscene\demoscene.vcxproj", "{34917F1D-6E42-4D73-B81A-B516F87037F5}"
EndProject
Project("{8BC9CEB8-8B4A-11D0-8D11-00A0C91BC942}") = "keyboarder", "keyboarder\keyboarder.vcxproj", "{CD538862-E779-434D-A9DA-BE8574B6B3D5}"
EndProject
Project("{8BC9CEB8-8B4A-11D0-8D11-00A0C91BC942}") = "randomtriangles", "randomtriangles\randomtriangles.vcxproj", "{7D032D92-8638-41AF-AE77-B9CD1AA66C1D}"
EndProject
Project("{8BC9CEB8-8B4A-11D0-8D11-00A0C91BC942}") = "randomblit", "randomblit\randomblit.vcxproj", "{51C916A5-59F6-4ECD-A259-855662F11E36}"
EndProject
Project("{8BC9CEB8-8B4A-11D0-8D11-00A0C91BC942}") = "randompolygons", "randompolygons\randompolygons.vcxproj", "{0EA245C5-8530-40A9-A27B-66AAB5C8ED72}"
EndProject
Project("{8BC9CEB8-8B4A-11D0-8D11-00A0C91BC942}") = "bezeeaye", "bezeeaye\bezeeaye.vcxproj", "{D5690F6B-AE77-48E9-96D3-BCC8B07B1902}"
EndProject
Project("{8BC9CEB8-8B4A-11D0-8D11-00A0C91BC942}") = "framerate", "framerate\framerate.vcxproj", "{A7BF0392-2F6C-4376-A98A-E7B32078FA4D}"
EndProject
Project("{8BC9CEB8-8B4A-11D0-8D11-00A0C91BC942}") = "circlelines", "circlelines\circlelines.vcxproj", "{6D67313B-72DA-44AB-82E3-E26E67B66C2D}"
EndProject
Project("{8BC9CEB8-8B4A-11D0-8D11-00A0C91BC942}") = "timey", "timey\timey.vcxproj", "{29BE28A5-3969-4EEE-9552-A9F51E91ADD9}"
EndProject
Project("{8BC9CEB8-8B4A-11D0-8D11-00A0C91BC942}") = "bigellipse", "bigellipse\bigellipse.vcxproj", "{C2868EE4-617B-4787-92F7-B1B877D51EE9}"
EndProject
Project("{8BC9CEB8-8B4A-11D0-8D11-00A0C91BC942}") = "texmap", "texmap\texmap.vcxproj", "{80BC91A3-A3D5-4429-94A3-7D0FC53CF73A}"
EndProject
Project("{8BC9CEB8-8B4A-11D0-8D11-00A0C91BC942}") = "bigrect", "bigrect\bigrect.vcxproj", "{A948DDA9-E539-4757-83C4-8D557AF1526A}"
EndProject
Project("{8BC9CEB8-8B4A-11D0-8D11-00A0C91BC942}") = "texty", "texty\texty.vcxproj", "{F90C9C6F-5D8A-4CE4-98EB-CA2942A05F22}"
EndProject
Project("{8BC9CEB8-8B4A-11D0-8D11-00A0C91BC942}") = "checkered", "checkered\checkered.vcxproj", "{61EB77DD-708B-4207-8B46-747AFE635285}"
EndProject
Project("{8BC9CEB8-8B4A-11D0-8D11-00A0C91BC942}") = "tgasampler", "tgasampler\tgasampler.vcxproj", "{5884E61B-4333-4919-8937-786EF89AEB53}"
EndProject
Project("{8BC9CEB8-8B4A-11D0-8D11-00A0C91BC942}") = "pulsar", "pulsar\pulsar.vcxproj", "{AF8CA7B1-6450-4E7E-85E5-B6E1EE1403D7}"
EndProject
Project("{8BC9CEB8-8B4A-11D0-8D11-00A0C91BC942}") = "sampmania", "sampmania\sampmania.vcxproj", "{63507AD9-3944-4418-9EAE-41AC090EF3CC}"
EndProject
Project("{8BC9CEB8-8B4A-11D0-8D11-00A0C91BC942}") = "screenview", "screenview\screenview.vcxproj", "{76CF6FB7-6D5B-434B-B0F8-5979A97E26E5}"
EndProject
Project("{8BC9CEB8-8B4A-11D0-8D11-00A0C91BC942}") = "imagecodec", "imagecodec\imagecodec.vcxproj", "{40C0F062-552E-4670-B80B-7E1F7F479DB4}"
EndProject
Project("{8BC9CEB8-8B4A-11D0-8D11-00A0C91BC942}") = "bigcircle", "bigcircle\bigcircle.vcxproj", "{F9209EAD-670C-4FC0-99D8-4612CD883968}"
EndProject
Project("{8BC9CEB8-8B4A-11D0-8D11-00A0C91BC942}") = "renderctx", "renderctx\renderctx.vcxproj", "{D0E696B5-8160-4B1C-B06B-B8B98C507EB2}"
EndProject
Project("{8BC9CEB8-8B4A-11D0-8D11-00A0C91BC942}") = "graysampler", "graysampler\graysampler.vcxproj", "{45D74CFA-B21C-4446-B305-A2C96A012F85}"
EndProject
Project("{8BC9CEB8-8B4A-11D0-8D11-00A0C91BC942}") = "screenserve", "screenserve\screenserve.vcxproj", "{610EAA7A-E677-4AEF-8445-92E38D44C259}"
EndProject
Project("{8BC9CEB8-8B4A-11D0-8D11-00A0C91BC942}") = "YCrCbSeparator", "YCrCbSeparator\YCrCbSeparator.vcxproj", "{BA56ACF9-B1B6-4BF7-9F09-A1C367AB3ADA}"
EndProject
Project("{8BC9CEB8-8B4A-11D0-8D11-00A0C91BC942}") = "convolve", "convolve\convolve.vcxproj", "{93AD92C8-8A45-4B7A-83EF-39E019F7CC2A}"
EndProject
Project("{8BC9CEB8-8B4A-11D0-8D11-00A0C91BC942}") = "screenclient", "screenclient\screenclient.vcxproj", "{DD885D0F-3BD4-439A-981B-7057D26533C7}"
EndProject
Project("{8BC9CEB8-8B4A-11D0-8D11-00A0C91BC942}") = "httping", "httping\httping.vcxproj", "{0C263C10-6A49-4FC7-947D-00FFB5D27DAF}"
EndProject
Project("{8BC9CEB8-8B4A-11D0-8D11-00A0C91BC942}") = "qoicodec", "qoicodec\qoicodec.vcxproj", "{07BBBF91-A3F8-492A-95F8-CA4D87E403D7}"
EndProject
Project("{8BC9CEB8-8B4A-11D0-8D11-00A0C91BC942}") = "multiwall", "multiwall\multiwall.vcxproj", "{1EA75A93-4F3C-493D-B813-B56DE0EF7B2D}"
EndProject
Project("{8BC9CEB8-8B4A-11D0-8D11-00A0C91BC942}") = "udpscreenserve", "udpscreenserve\udpscreenserve.vcxproj", "{1141DD99-4C80-48F9-9D4D-E59889435C81}"
EndProject
Project("{8BC9CEB8-8B4A-11D0-8D11-00A0C91BC942}") = "udpscreenview", "udpscreenview\udpscreenview.vcxproj", "{2C866A64-8665-4ABB-A3C0-E1E8A1274CC0}"
EndProject
Project("{8BC9CEB8-8B4A-11D0-8D11-00A0C91BC942}") = "bezsurface", "bezsurface\bezsurface.vcxproj", "{E0A59432-F996-4703-A840-D8AB304061ED}"
EndProject
Project("{8BC9CEB8-8B4A-11D0-8D11-00A0C91BC942}") = "camview", "camview\camview.vcxproj", "{51CF672E-BD11-490B-BCA5-5BED82BB3CA4}"
EndProject
Project("{8BC9CEB8-8B4A-11D0-8D11-00A0C91BC942}") = "mathfun", "mathfun\mathfun.vcxproj", "{B49EBA1E-CA90-4B5C-9709-1D23119B2AF7}"
EndProject
Project("{8BC9CEB8-8B4A-11D0-8D11-00A0C91BC942}") = "stickytexel", "stickytexel\stickytexel.vcxproj", "{D626AE21-05A6-45E5-A5D0-116604BE6720}"
EndProject
Project("{8BC9CEB8-8B4A-11D0-8D11-00A0C91BC942}") = "interpolateit", "interpolateit\interpolateit.vcxproj", "{B4721170-C9BA-4FB0-8BE2-6F5E2550FC6C}"
EndProject
Project("{8BC9CEB8-8B4A-11D0-8D11-00A0C91BC942}") = "mousetrack", "mousetrack\mousetrack.vcxproj", "{A34E98BA-9AF6-453C-B890-617F288F203D}"
EndProject
Project("{8BC9CEB8-8B4A-11D0-8D11-00A0C91BC942}") = "raytracing", "raytracing\raytracing.vcxproj", "{D2B589EB-03A0-4ED4-A537-2C50458DD32D}"
EndProject
Global
	GlobalSection(SolutionConfigurationPlatforms) = preSolution
		Debug|x64 = Debug|x64
		Debug|x86 = Debug|x86
		Release|x64 = Release|x64
		Release|x86 = Release|x86
	EndGlobalSection
	GlobalSection(ProjectConfigurationPlatforms) = postSolution
		{0DA7DB6A-F7A1-4119-823C-2F4BFA03825F}.Debug|x64.ActiveCfg = Debug|x64
		{0DA7DB6A-F7A1-4119-823C-2F4BFA03825F}.Debug|x64.Build.0 = Debug|x64
		{0DA7DB6A-F7A1-4119-823C-2F4BFA03825F}.Debug|x86.ActiveCfg = Debug|Win32
		{0DA7DB6A-F7A1-4119-823C-2F4BFA03825F}.Debug|x86.Build.0 = Debug|Win32
		{0DA7DB6A-F7A1-4119-823C-2F4BFA03825F}.Release|x64.ActiveCfg = Release|x64
		{0DA7DB6A-F7A1-4119-823C-2F4BFA03825F}.Release|x64.Build.0 = Release|x64
		{0DA7DB6A-F7A1-4119-823C-2F4BFA03825F}.Release|x86.ActiveCfg = Release|Win32
		{0DA7DB6A-F7A1-4119-823C-2F4BFA03825F}.Release|x86.Build.0 = Release|Win32
		{B46DD86F-50F7-4188-B0B8-4E589087C527}.Debug|x64.ActiveCfg = Debug|x64
		{B46DD86F-50F7-4188-B0B8-4E589087C527}.Debug|x64.Build.0 = Debug|x64
		{B46DD86F-50F7-4188-B0B8-4E589087C527}.Debug|x86.ActiveCfg = Debug|Win32
		{B46DD86F-50F7-4188-B0B8-4E589087C527}.Debug|x86.Build.0 = Debug|Win32
		{B46DD86F-50F7-4188-B0B8-4E589087C527}.Release|x64.ActiveCfg = Release|x64
		{B46DD86F-50F7-4188-B0B8-4E589087C527}.Release|x64.Build.0 = Release|x64
		{B46DD86F-50F7-4188-B0B8-4E589087C527}.Release|x86.ActiveCfg = Release|Win32
		{B46DD86F-50F7-4188-B0B8-4E589087C527}.Release|x86.Build.0 = Release|Win32
		{E7A30A99-0BBC-427C-B338-2AEC20A1A577}.Debug|x64.ActiveCfg = Debug|x64
		{E7A30A99-0BBC-427C-B338-2AEC20A1A577}.Debug|x64.Build.0 = Debug|x64
		{E7A30A99-0BBC-427C-B338-2AEC20A1A577}.Debug|x86.ActiveCfg = Debug|Win32
		{E7A30A99-0BBC-427C-B338-2AEC20A1A577}.Debug|x86.Build.0 = Debug|Win32
		{E7A30A99-0BBC-427C-B338-2AEC20A1A577}.Release|x64.ActiveCfg = Release|x64
		{E7A30A99-0BBC-427C-B338-2AEC20A1A577}.Release|x64.Build.0 = Release|x64
		{E7A30A99-0BBC-427C-B338-2AEC20A1A577}.Release|x86.ActiveCfg = Release|Win32
		{E7A30A99-0BBC-427C-B338-2AEC20A1A577}.Release|x86.Build.0 = Release|Win32
		{3361D600-83F1-4445-B2D6-F268BD43D624}.Debug|x64.ActiveCfg = Debug|x64
		{3361D600-83F1-4445-B2D6-F268BD43D624}.Debug|x64.Build.0 = Debug|x64
		{3361D600-83F1-4445-B2D6-F268BD43D624}.Debug|x86.ActiveCfg = Debug|Win32
		{3361D600-83F1-4445-B2D6-F268BD43D624}.Debug|x86.Build.0 = Debug|Win32
		{3361D600-83F1-4445-B2D6-F268BD43D624}.Release|x64.ActiveCfg = Release|x64
		{3361D600-83F1-4445-B2D6-F268BD43D624}.Release|x64.Build.0 = Release|x64
		{3361D600-83F1-4445-B2D6-F268BD43D624}.Release|x86.ActiveCfg = Release|Win32
		{3361D600-83F1-4445-B2D6-F268BD43D624}.Release|x86.Build.0 = Release|Win32
		{F58705C0-C11F-434D-BC76-CCCBAB3E9D66}.Debug|x64.ActiveCfg = Debug|x64
		{F58705C0-C11F-434D-BC76-CCCBAB3E9D66}.Debug|x64.Build.0 = Debug|x64
		{F58705C0-C11F-434D-BC76-CCCBAB3E9D66}.Debug|x86.ActiveCfg = Debug|Win32
		{F58705C0-C11F-434D-BC76-CCCBAB3E9D66}.Debug|x86.Build.0 = Debug|Win32
		{F58705C0-C11F-434D-BC76-CCCBAB3E9D66}.Release|x64.ActiveCfg = Release|x64
		{F58705C0-C11F-434D-BC76-CCCBAB3E9D66}.Release|x64.Build.0 = Release|x64
		{F58705C0-C11F-434D-BC76-CCCBAB3E9D66}.Release|x86.ActiveCfg = Release|Win32
		{F58705C0-C11F-434D-BC76-CCCBAB3E9D66}.Release|x86.Build.0 = Release|Win32
		{BD64E70E-4D4D-4F2A-97DC-841173BB5726}.Debug|x64.ActiveCfg = Debug|x64
		{BD64E70E-4D4D-4F2A-97DC-841173BB5726}.Debug|x64.Build.0 = Debug|x64
		{BD64E70E-4D4D-4F2A-97DC-841173BB5726}.Debug|x86.ActiveCfg = Debug|Win32
		{BD64E70E-4D4D-4F2A-97DC-841173BB5726}.Debug|x86.Build.0 = Debug|Win32
		{BD64E70E-4D4D-4F2A-97DC-841173BB5726}.Release|x64.ActiveCfg = Release|x64
		{BD64E70E-4D4D-4F2A-97DC-841173BB5726}.Release|x64.Build.0 = Release|x64
		{BD64E70E-4D4D-4F2A-97DC-841173BB5726}.Release|x86.ActiveCfg = Release|Win32
		{BD64E70E-4D4D-4F2A-97DC-841173BB5726}.Release|x86.Build.0 = Release|Win32
		{A89D981F-55B1-4DE3-825E-37A9C796A978}.Debug|x64.ActiveCfg = Debug|x64
		{A89D981F-55B1-4DE3-825E-37A9C796A978}.Debug|x64.Build.0 = Debug|x64
		{A89D981F-55B1-4DE3-825E-37A9C796A978}.Debug|x86.ActiveCfg = Debug|Win32
		{A89D981F-55B1-4DE3-825E-37A9C796A978}.Debug|x86.Build.0 = Debug|Win32
		{A89D981F-55B1-4DE3-825E-37A9C796A978}.Release|x64.ActiveCfg = Release|x64
		{A89D981F-55B1-4DE3-825E-37A9C796A978}.Release|x64.Build.0 = Release|x64
		{A89D981F-55B1-4DE3-825E-37A9C796A978}.Release|x86.ActiveCfg = Release|Win32
		{A89D981F-55B1-4DE3-825E-37A9C796A978}.Release|x86.Build.0 = Release|Win32
		{AABA099F-CE7E-4576-98D4-340CF3EE05C3}.Debug|x64.ActiveCfg = Debug|x64
		{AABA099F-CE7E-4576-98D4-340CF3EE05C3}.Debug|x64.Build.0 = Debug|x64
		{AABA099F-CE7E-4576-98D4-340CF3EE05C3}.Debug|x86.ActiveCfg = Debug|Win32
		{AABA099F-CE7E-4576-98D4-340CF3EE05C3}.Debug|x86.Build.0 = Debug|Win32
		{AABA099F-CE7E-4576-98D4-340CF3EE05C3}.Release|x64.ActiveCfg = Release|x64
		{AABA099F-CE7E-4576-98D4-340CF3EE05C3}.Release|x64.Build.0 = Release|x64
		{AABA099F-CE7E-4576-98D4-340CF3EE05C3}.Release|x86.ActiveCfg = Release|Win32
		{AABA099F-CE7E-4576-98D4-340CF3EE05C3}.Release|x86.Build.0 = Release|Win32
		{F15DD0A7-6B9C-4BDE-A543-D84434B7E3EB}.Debug|x64.ActiveCfg = Debug|x64
		{F15DD0A7-6B9C-4BDE-A543-D84434B7E3EB}.Debug|x64.Build.0 = Debug|x64
		{F15DD0A7-6B9C-4BDE-A543-D84434B7E3EB}.Debug|x86.ActiveCfg = Debug|Win32
		{F15DD0A7-6B9C-4BDE-A543-D84434B7E3EB}.Debug|x86.Build.0 = Debug|Win32
		{F15DD0A7-6B9C-4BDE-A543-D84434B7E3EB}.Release|x64.ActiveCfg = Release|x64
		{F15DD0A7-6B9C-4BDE-A543-D84434B7E3EB}.Release|x64.Build.0 = Release|x64
		{F15DD0A7-6B9C-4BDE-A543-D84434B7E3EB}.Release|x86.ActiveCfg = Release|Win32
		{F15DD0A7-6B9C-4BDE-A543-D84434B7E3EB}.Release|x86.Build.0 = Release|Win32
		{34917F1D-6E42-4D73-B81A-B516F87037F5}.Debug|x64.ActiveCfg = Debug|x64
		{34917F1D-6E42-4D73-B81A-B516F87037F5}.Debug|x64.Build.0 = Debug|x64
		{34917F1D-6E42-4D73-B81A-B516F87037F5}.Debug|x86.ActiveCfg = Debug|Win32
		{34917F1D-6E42-4D73-B81A-B516F87037F5}.Debug|x86.Build.0 = Debug|Win32
		{34917F1D-6E42-4D73-B81A-B516F87037F5}.Release|x64.ActiveCfg = Release|x64
		{34917F1D-6E42-4D73-B81A-B516F87037F5}.Release|x64.Build.0 = Release|x64
		{34917F1D-6E42-4D73-B81A-B516F87037F5}.Release|x86.ActiveCfg = Release|Win32
		{34917F1D-6E42-4D73-B81A-B516F87037F5}.Release|x86.Build.0 = Release|Win32
		{CD538862-E779-434D-A9DA-BE8574B6B3D5}.Debug|x64.ActiveCfg = Debug|x64
		{CD538862-E779-434D-A9DA-BE8574B6B3D5}.Debug|x64.Build.0 = Debug|x64
		{CD538862-E779-434D-A9DA-BE8574B6B3D5}.Debug|x86.ActiveCfg = Debug|Win32
		{CD538862-E779-434D-A9DA-BE8574B6B3D5}.Debug|x86.Build.0 = Debug|Win32
		{CD538862-E779-434D-A9DA-BE8574B6B3D5}.Release|x64.ActiveCfg = Release|x64
		{CD538862-E779-434D-A9DA-BE8574B6B3D5}.Release|x64.Build.0 = Release|x64
		{CD538862-E779-434D-A9DA-BE8574B6B3D5}.Release|x86.ActiveCfg = Release|Win32
		{CD538862-E779-434D-A9DA-BE8574B6B3D5}.Release|x86.Build.0 = Release|Win32
		{7D032D92-8638-41AF-AE77-B9CD1AA66C1D}.Debug|x64.ActiveCfg = Debug|x64
		{7D032D92-8638-41AF-AE77-B9CD1AA66C1D}.Debug|x64.Build.0 = Debug|x64
		{7D032D92-8638-41AF-AE77-B9CD1AA66C1D}.Debug|x86.ActiveCfg = Debug|Win32
		{7D032D92-8638-41AF-AE77-B9CD1AA66C1D}.Debug|x86.Build.0 = Debug|Win32
		{7D032D92-8638-41AF-AE77-B9CD1AA66C1D}.Release|x64.ActiveCfg = Release|x64
		{7D032D92-8638-41AF-AE77-B9CD1AA66C1D}.Release|x64.Build.0 = Release|x64
		{7D032D92-8638-41AF-AE77-B9CD1AA66C1D}.Release|x86.ActiveCfg = Release|Win32
		{7D032D92-8638-41AF-AE77-B9CD1AA66C1D}.Release|x86.Build.0 = Release|Win32
		{51C916A5-59F6-4ECD-A259-855662F11E36}.Debug|x64.ActiveCfg = Debug|x64
		{51C916A5-59F6-4ECD-A259-855662F11E36}.Debug|x64.Build.0 = Debug|x64
		{51C916A5-59F6-4ECD-A259-855662F11E36}.Debug|x86.ActiveCfg = Debug|Win32
		{51C916A5-59F6-4ECD-A259-855662F11E36}.Debug|x86.Build.0 = Debug|Win32
		{51C916A5-59F6-4ECD-A259-855662F11E36}.Release|x64.ActiveCfg = Release|x64
		{51C916A5-59F6-4ECD-A259-855662F11E36}.Release|x64.Build.0 = Release|x64
		{51C916A5-59F6-4ECD-A259-855662F11E36}.Release|x86.ActiveCfg = Release|Win32
		{51C916A5-59F6-4ECD-A259-855662F11E36}.Release|x86.Build.0 = Release|Win32
		{0EA245C5-8530-40A9-A27B-66AAB5C8ED72}.Debug|x64.ActiveCfg = Debug|x64
		{0EA245C5-8530-40A9-A27B-66AAB5C8ED72}.Debug|x64.Build.0 = Debug|x64
		{0EA245C5-8530-40A9-A27B-66AAB5C8ED72}.Debug|x86.ActiveCfg = Debug|Win32
		{0EA245C5-8530-40A9-A27B-66AAB5C8ED72}.Debug|x86.Build.0 = Debug|Win32
		{0EA245C5-8530-40A9-A27B-66AAB5C8ED72}.Release|x64.ActiveCfg = Release|x64
		{0EA245C5-8530-40A9-A27B-66AAB5C8ED72}.Release|x64.Build.0 = Release|x64
		{0EA245C5-8530-40A9-A27B-66AAB5C8ED72}.Release|x86.ActiveCfg = Release|Win32
		{0EA245C5-8530-40A9-A27B-66AAB5C8ED72}.Release|x86.Build.0 = Release|Win32
		{D5690F6B-AE77-48E9-96D3-BCC8B07B1902}.Debug|x64.ActiveCfg = Debug|x64
		{D5690F6B-AE77-48E9-96D3-BCC8B07B1902}.Debug|x64.Build.0 = Debug|x64
		{D5690F6B-AE77-48E9-96D3-BCC8B07B1902}.Debug|x86.ActiveCfg = Debug|Win32
		{D5690F6B-AE77-48E9-96D3-BCC8B07B1902}.Debug|x86.Build.0 = Debug|Win32
		{D5690F6B-AE77-48E9-96D3-BCC8B07B1902}.Release|x64.ActiveCfg = Release|x64
		{D5690F6B-AE77-48E9-96D3-BCC8B07B1902}.Release|x64.Build.0 = Release|x64
		{D5690F6B-AE77-48E9-96D3-BCC8B07B1902}.Release|x86.ActiveCfg = Release|Win32
		{D5690F6B-AE77-48E9-96D3-BCC8B07B1902}.Release|x86.Build.0 = Release|Win32
		{A7BF0392-2F6C-4376-A98A-E7B32078FA4D}.Debug|x64.ActiveCfg = Debug|x64
		{A7BF0392-2F6C-4376-A98A-E7B32078FA4D}.Debug|x64.Build.0 = Debug|x64
		{A7BF0392-2F6C-4376-A98A-E7B32078FA4D}.Debug|x86.ActiveCfg = Debug|Win32
		{A7BF0392-2F6C-4376-A98A-E7B32078FA4D}.Debug|x86.Build.0 = Debug|Win32
		{A7BF0392-2F6C-4376-A98A-E7B32078FA4D}.Release|x64.ActiveCfg = Release|x64
		{A7BF0392-2F6C-4376-A98A-E7B32078FA4D}.Release|x64.Build.0 = Release|x64
		{A7BF0392-2F6C-4376-A98A-E7B32078FA4D}.Release|x86.ActiveCfg = Release|Win32
		{A7BF0392-2F6C-4376-A98A-E7B32078FA4D}.Release|x86.Build.0 = Release|Win32
		{6D67313B-72DA-44AB-82E3-E26E67B66C2D}.Debug|x64.ActiveCfg = Debug|x64
		{6D67313B-72DA-44AB-82E3-E26E67B66C2D}.Debug|x64.Build.0 = Debug|x64
		{6D67313B-72DA-44AB-82E3-E26E67B66C2D}.Debug|x86.ActiveCfg = Debug|Win32
		{6D67313B-72DA-44AB-82E3-E26E67B66C2D}.Debug|x86.Build.0 = Debug|Win32
		{6D67313B-72DA-44AB-82E3-E26E67B66C2D}.Release|x64.ActiveCfg = Release|x64
		{6D67313B-72DA-44AB-82E3-E26E67B66C2D}.Release|x64.Build.0 = Release|x64
		{6D67313B-72DA-44AB-82E3-E26E67B66C2D}.Release|x86.ActiveCfg = Release|Win32
		{6D67313B-72DA-44AB-82E3-E26E67B66C2D}.Release|x86.Build.0 = Release|Win32
		{29BE28A5-3969-4EEE-9552-A9F51E91ADD9}.Debug|x64.ActiveCfg = Debug|x64
		{29BE28A5-3969-4EEE-9552-A9F51E91ADD9}.Debug|x64.Build.0 = Debug|x64
		{29BE28A5-3969-4EEE-9552-A9F51E91ADD9}.Debug|x86.ActiveCfg = Debug|Win32
		{29BE28A5-3969-4EEE-9552-A9F51E91ADD9}.Debug|x86.Build.0 = Debug|Win32
		{29BE28A5-3969-4EEE-9552-A9F51E91ADD9}.Release|x64.ActiveCfg = Release|x64
		{29BE28A5-3969-4EEE-9552-A9F51E91ADD9}.Release|x64.Build.0 = Release|x64
		{29BE28A5-3969-4EEE-9552-A9F51E91ADD9}.Release|x86.ActiveCfg = Release|Win32
		{29BE28A5-3969-4EEE-9552-A9F51E91ADD9}.Release|x86.Build.0 = Release|Win32
		{C2868EE4-617B-4787-92F7-B1B877D51EE9}.Debug|x64.ActiveCfg = Debug|x64
		{C2868EE4-617B-4787-92F7-B1B877D51EE9}.Debug|x64.Build.0 = Debug|x64
		{C2868EE4-617B-4787-92F7-B1B877D51EE9}.Debug|x86.ActiveCfg = Debug|Win32
		{C2868EE4-617B-4787-92F7-B1B877D51EE9}.Debug|x86.Build.0 = Debug|Win32
		{C2868EE4-617B-4787-92F7-B1B877D51EE9}.Release|x64.ActiveCfg = Release|x64
		{C2868EE4-617B-4787-92F7-B1B877D51EE9}.Release|x64.Build.0 = Release|x64
		{C2868EE4-617B-4787-92F7-B1B877D51EE9}.Release|x86.ActiveCfg = Release|Win32
		{C2868EE4-617B-4787-92F7-B1B877D51EE9}.Release|x86.Build.0 = Release|Win32
		{80BC91A3-A3D5-4429-94A3-7D0FC53CF73A}.Debug|x64.ActiveCfg = Debug|x64
		{80BC91A3-A3D5-4429-94A3-7D0FC53CF73A}.Debug|x64.Build.0 = Debug|x64
		{80BC91A3-A3D5-4429-94A3-7D0FC53CF73A}.Debug|x86.ActiveCfg = Debug|Win32
		{80BC91A3-A3D5-4429-94A3-7D0FC53CF73A}.Debug|x86.Build.0 = Debug|Win32
		{80BC91A3-A3D5-4429-94A3-7D0FC53CF73A}.Release|x64.ActiveCfg = Release|x64
		{80BC91A3-A3D5-4429-94A3-7D0FC53CF73A}.Release|x64.Build.0 = Release|x64
		{80BC91A3-A3D5-4429-94A3-7D0FC53CF73A}.Release|x86.ActiveCfg = Release|Win32
		{80BC91A3-A3D5-4429-94A3-7D0FC53CF73A}.Release|x86.Build.0 = Release|Win32
		{A948DDA9-E539-4757-83C4-8D557AF1526A}.Debug|x64.ActiveCfg = Debug|x64
		{A948DDA9-E539-4757-83C4-8D557AF1526A}.Debug|x64.Build.0 = Debug|x64
		{A948DDA9-E539-4757-83C4-8D557AF1526A}.Debug|x86.ActiveCfg = Debug|Win32
		{A948DDA9-E539-4757-83C4-8D557AF1526A}.Debug|x86.Build.0 = Debug|Win32
		{A948DDA9-E539-4757-83C4-8D557AF1526A}.Release|x64.ActiveCfg = Release|x64
		{A948DDA9-E539-4757-83C4-8D557AF1526A}.Release|x64.Build.0 = Release|x64
		{A948DDA9-E539-4757-83C4-8D557AF1526A}.Release|x86.ActiveCfg = Release|Win32
		{A948DDA9-E539-4757-83C4-8D557AF1526A}.Release|x86.Build.0 = Release|Win32
		{F90C9C6F-5D8A-4CE4-98EB-CA2942A05F22}.Debug|x64.ActiveCfg = Debug|x64
		{F90C9C6F-5D8A-4CE4-98EB-CA2942A05F22}.Debug|x64.Build.0 = Debug|x64
		{F90C9C6F-5D8A-4CE4-98EB-CA2942A05F22}.Debug|x86.ActiveCfg = Debug|Win32
		{F90C9C6F-5D8A-4CE4-98EB-CA2942A05F22}.Debug|x86.Build.0 = Debug|Win32
		{F90C9C6F-5D8A-4CE4-98EB-CA2942A05F22}.Release|x64.ActiveCfg = Release|x64
		{F90C9C6F-5D8A-4CE4-98EB-CA2942A05F22}.Release|x64.Build.0 = Release|x64
		{F90C9C6F-5D8A-4CE4-98EB-CA2942A05F22}.Release|x86.ActiveCfg = Release|Win32
		{F90C9C6F-5D8A-4CE4-98EB-CA2942A05F22}.Release|x86.Build.0 = Release|Win32
		{61EB77DD-708B-4207-8B46-747AFE635285}.Debug|x64.ActiveCfg = Debug|x64
		{61EB77DD-708B-4207-8B46-747AFE635285}.Debug|x64.Build.0 = Debug|x64
		{61EB77DD-708B-4207-8B46-747AFE635285}.Debug|x86.ActiveCfg = Debug|Win32
		{61EB77DD-708B-4207-8B46-747AFE635285}.Debug|x86.Build.0 = Debug|Win32
		{61EB77DD-708B-4207-8B46-747AFE635285}.Release|x64.ActiveCfg = Release|x64
		{61EB77DD-708B-4207-8B46-747AFE635285}.Release|x64.Build.0 = Release|x64
		{61EB77DD-708B-4207-8B46-747AFE635285}.Release|x86.ActiveCfg = Release|Win32
		{61EB77DD-708B-4207-8B46-747AFE635285}.Release|x86.Build.0 = Release|Win32
		{5884E61B-4333-4919-8937-786EF89AEB53}.Debug|x64.ActiveCfg = Debug|x64
		{5884E61B-4333-4919-8937-786EF89AEB53}.Debug|x64.Build.0 = Debug|x64
		{5884E61B-4333-4919-8937-786EF89AEB53}.Debug|x86.ActiveCfg = Debug|Win32
		{5884E61B-4333-4919-8937-786EF89AEB53}.Debug|x86.Build.0 = Debug|Win32
		{5884E61B-4333-4919-8937-786EF89AEB53}.Release|x64.ActiveCfg = Release|x64
		{5884E61B-4333-4919-8937-786EF89AEB53}.Release|x64.Build.0 = Release|x64
		{5884E61B-4333-4919-8937-786EF89AEB53}.Release|x86.ActiveCfg = Release|Win32
		{5884E61B-4333-4919-8937-786EF89AEB53}.Release|x86.Build.0 = Release|Win32
		{AF8CA7B1-6450-4E7E-85E5-B6E1EE1403D7}.Debug|x64.ActiveCfg = Debug|x64
		{AF8CA7B1-6450-4E7E-85E5-B6E1EE1403D7}.Debug|x64.Build.0 = Debug|x64
		{AF8CA7B1-6450-4E7E-85E5-B6E1EE1403D7}.Debug|x86.ActiveCfg = Debug|Win32
		{AF8CA7B1-6450-4E7E-85E5-B6E1EE1403D7}.Debug|x86.Build.0 = Debug|Win32
		{AF8CA7B1-6450-4E7E-85E5-B6E1EE1403D7}.Release|x64.ActiveCfg = Release|x64
		{AF8CA7B1-6450-4E7E-85E5-B6E1EE1403D7}.Release|x64.Build.0 = Release|x64
		{AF8CA7B1-6450-4E7E-85E5-B6E1EE1403D7}.Release|x86.ActiveCfg = Release|Win32
		{AF8CA7B1-6450-4E7E-85E5-B6E1EE1403D7}.Release|x86.Build.0 = Release|Win32
		{63507AD9-3944-4418-9EAE-41AC090EF3CC}.Debug|x64.ActiveCfg = Debug|x64
		{63507AD9-3944-4418-9EAE-41AC090EF3CC}.Debug|x64.Build.0 = Debug|x64
		{63507AD9-3944-4418-9EAE-41AC090EF3CC}.Debug|x86.ActiveCfg = Debug|Win32
		{63507AD9-3944-4418-9EAE-41AC090EF3CC}.Debug|x86.Build.0 = Debug|Win32
		{63507AD9-3944-4418-9EAE-41AC090EF3CC}.Release|x64.ActiveCfg = Release|x64
		{63507AD9-3944-4418-9EAE-41AC090EF3CC}.Release|x64.Build.0 = Release|x64
		{63507AD9-3944-4418-9EAE-41AC090EF3CC}.Release|x86.ActiveCfg = Release|Win32
		{63507AD9-3944-4418-9EAE-41AC090EF3CC}.Release|x86.Build.0 = Release|Win32
		{76CF6FB7-6D5B-434B-B0F8-5979A97E26E5}.Debug|x64.ActiveCfg = Debug|x64
		{76CF6FB7-6D5B-434B-B0F8-5979A97E26E5}.Debug|x64.Build.0 = Debug|x64
		{76CF6FB7-6D5B-434B-B0F8-5979A97E26E5}.Debug|x86.ActiveCfg = Debug|Win32
		{76CF6FB7-6D5B-434B-B0F8-5979A97E26E5}.Debug|x86.Build.0 = Debug|Win32
		{76CF6FB7-6D5B-434B-B0F8-5979A97E26E5}.Release|x64.ActiveCfg = Release|x64
		{76CF6FB7-6D5B-434B-B0F8-5979A97E26E5}.Release|x64.Build.0 = Release|x64
		{76CF6FB7-6D5B-434B-B0F8-5979A97E26E5}.Release|x86.ActiveCfg = Release|Win32
		{76CF6FB7-6D5B-434B-B0F8-5979A97E26E5}.Release|x86.Build.0 = Release|Win32
		{40C0F062-552E-4670-B80B-7E1F7F479DB4}.Debug|x64.ActiveCfg = Debug|x64
		{40C0F062-552E-4670-B80B-7E1F7F479DB4}.Debug|x64.Build.0 = Debug|x64
		{40C0F062-552E-4670-B80B-7E1F7F479DB4}.Debug|x86.ActiveCfg = Debug|Win32
		{40C0F062-552E-4670-B80B-7E1F7F479DB4}.Debug|x86.Build.0 = Debug|Win32
		{40C0F062-552E-4670-B80B-7E1F7F479DB4}.Release|x64.ActiveCfg = Release|x64
		{40C0F062-552E-4670-B80B-7E1F7F479DB4}.Release|x64.Build.0 = Release|x64
		{40C0F062-552E-4670-B80B-7E1F7F479DB4}.Release|x86.ActiveCfg = Release|Win32
		{40C0F062-552E-4670-B80B-7E1F7F479DB4}.Release|x86.Build.0 = Release|Win32
		{F9209EAD-670C-4FC0-99D8-4612CD883968}.Debug|x64.ActiveCfg = Debug|x64
		{F9209EAD-670C-4FC0-99D8-4612CD883968}.Debug|x64.Build.0 = Debug|x64
		{F9209EAD-670C-4FC0-99D8-4612CD883968}.Debug|x86.ActiveCfg = Debug|Win32
		{F9209EAD-670C-4FC0-99D8-4612CD883968}.Debug|x86.Build.0 = Debug|Win32
		{F9209EAD-670C-4FC0-99D8-4612CD883968}.Release|x64.ActiveCfg = Release|x64
		{F9209EAD-670C-4FC0-99D8-4612CD883968}.Release|x64.Build.0 = Release|x64
		{F9209EAD-670C-4FC0-99D8-4612CD883968}.Release|x86.ActiveCfg = Release|Win32
		{F9209EAD-670C-4FC0-99D8-4612CD883968}.Release|x86.Build.0 = Release|Win32
		{D0E696B5-8160-4B1C-B06B-B8B98C507EB2}.Debug|x64.ActiveCfg = Debug|x64
		{D0E696B5-8160-4B1C-B06B-B8B98C507EB2}.Debug|x64.Build.0 = Debug|x64
		{D0E696B5-8160-4B1C-B06B-B8B98C507EB2}.Debug|x86.ActiveCfg = Debug|Win32
		{D0E696B5-8160-4B1C-B06B-B8B98C507EB2}.Debug|x86.Build.0 = Debug|Win32
		{D0E696B5-8160-4B1C-B06B-B8B98C507EB2}.Release|x64.ActiveCfg = Release|x64
		{D0E696B5-8160-4B1C-B06B-B8B98C507EB2}.Release|x64.Build.0 = Release|x64
		{D0E696B5-8160-4B1C-B06B-B8B98C507EB2}.Release|x86.ActiveCfg = Release|Win32
		{D0E696B5-8160-4B1C-B06B-B8B98C507EB2}.Release|x86.Build.0 = Release|Win32
		{45D74CFA-B21C-4446-B305-A2C96A012F85}.Debug|x64.ActiveCfg = Debug|x64
		{45D74CFA-B21C-4446-B305-A2C96A012F85}.Debug|x64.Build.0 = Debug|x64
		{45D74CFA-B21C-4446-B305-A2C96A012F85}.Debug|x86.ActiveCfg = Debug|Win32
		{45D74CFA-B21C-4446-B305-A2C96A012F85}.Debug|x86.Build.0 = Debug|Win32
		{45D74CFA-B21C-4446-B305-A2C96A012F85}.Release|x64.ActiveCfg = Release|x64
		{45D74CFA-B21C-4446-B305-A2C96A012F85}.Release|x64.Build.0 = Release|x64
		{45D74CFA-B21C-4446-B305-A2C96A012F85}.Release|x86.ActiveCfg = Release|Win32
		{45D74CFA-B21C-4446-B305-A2C96A012F85}.Release|x86.Build.0 = Release|Win32
		{610EAA7A-E677-4AEF-8445-92E38D44C259}.Debug|x64.ActiveCfg = Debug|x64
		{610EAA7A-E677-4AEF-8445-92E38D44C259}.Debug|x64.Build.0 = Debug|x64
		{610EAA7A-E677-4AEF-8445-92E38D44C259}.Debug|x86.ActiveCfg = Debug|Win32
		{610EAA7A-E677-4AEF-8445-92E38D44C259}.Debug|x86.Build.0 = Debug|Win32
		{610EAA7A-E677-4AEF-8445-92E38D44C259}.Release|x64.ActiveCfg = Release|x64
		{610EAA7A-E677-4AEF-8445-92E38D44C259}.Release|x64.Build.0 = Release|x64
		{610EAA7A-E677-4AEF-8445-92E38D44C259}.Release|x86.ActiveCfg = Release|Win32
		{610EAA7A-E677-4AEF-8445-92E38D44C259}.Release|x86.Build.0 = Release|Win32
		{BA56ACF9-B1B6-4BF7-9F09-A1C367AB3ADA}.Debug|x64.ActiveCfg = Debug|x64
		{BA56ACF9-B1B6-4BF7-9F09-A1C367AB3ADA}.Debug|x64.Build.0 = Debug|x64
		{BA56ACF9-B1B6-4BF7-9F09-A1C367AB3ADA}.Debug|x86.ActiveCfg = Debug|Win32
		{BA56ACF9-B1B6-4BF7-9F09-A1C367AB3ADA}.Debug|x86.Build.0 = Debug|Win32
		{BA56ACF9-B1B6-4BF7-9F09-A1C367AB3ADA}.Release|x64.ActiveCfg = Release|x64
		{BA56ACF9-B1B6-4BF7-9F09-A1C367AB3ADA}.Release|x64.Build.0 = Release|x64
		{BA56ACF9-B1B6-4BF7-9F09-A1C367AB3ADA}.Release|x86.ActiveCfg = Release|Win32
		{BA56ACF9-B1B6-4BF7-9F09-A1C367AB3ADA}.Release|x86.Build.0 = Release|Win32
		{93AD92C8-8A45-4B7A-83EF-39E019F7CC2A}.Debug|x64.ActiveCfg = Debug|x64
		{93AD92C8-8A45-4B7A-83EF-39E019F7CC2A}.Debug|x64.Build.0 = Debug|x64
		{93AD92C8-8A45-4B7A-83EF-39E019F7CC2A}.Debug|x86.ActiveCfg = Debug|Win32
		{93AD92C8-8A45-4B7A-83EF-39E019F7CC2A}.Debug|x86.Build.0 = Debug|Win32
		{93AD92C8-8A45-4B7A-83EF-39E019F7CC2A}.Release|x64.ActiveCfg = Release|x64
		{93AD92C8-8A45-4B7A-83EF-39E019F7CC2A}.Release|x64.Build.0 = Release|x64
		{93AD92C8-8A45-4B7A-83EF-39E019F7CC2A}.Release|x86.ActiveCfg = Release|Win32
		{93AD92C8-8A45-4B7A-83EF-39E019F7CC2A}.Release|x86.Build.0 = Release|Win32
		{DD885D0F-3BD4-439A-981B-7057D26533C7}.Debug|x64.ActiveCfg = Debug|x64
		{DD885D0F-3BD4-439A-981B-7057D26533C7}.Debug|x64.Build.0 = Debug|x64
		{DD885D0F-3BD4-439A-981B-7057D26533C7}.Debug|x86.ActiveCfg = Debug|Win32
		{DD885D0F-3BD4-439A-981B-7057D26533C7}.Debug|x86.Build.0 = Debug|Win32
		{DD885D0F-3BD4-439A-981B-7057D26533C7}.Release|x64.ActiveCfg = Release|x64
		{DD885D0F-3BD4-439A-981B-7057D26533C7}.Release|x64.Build.0 = Release|x64
		{DD885D0F-3BD4-439A-981B-7057D26533C7}.Release|x86.ActiveCfg = Release|Win32
		{DD885D0F-3BD4-439A-981B-7057D26533C7}.Release|x86.Build.0 = Release|Win32
		{0C263C10-6A49-4FC7-947D-00FFB5D27DAF}.Debug|x64.ActiveCfg = Debug|x64
		{0C263C10-6A49-4FC7-947D-00FFB5D27DAF}.Debug|x64.Build.0 = Debug|x64
		{0C263C10-6A49-4FC7-947D-00FFB5D27DAF}.Debug|x86.ActiveCfg = Debug|Win32
		{0C263C10-6A49-4FC7-947D-00FFB5D27DAF}.Debug|x86.Build.0 = Debug|Win32
		{0C263C10-6A49-4FC7-947D-00FFB5D27DAF}.Release|x64.ActiveCfg = Release|x64
		{0C263C10-6A49-4FC7-947D-00FFB5D27DAF}.Release|x64.Build.0 = Release|x64
		{0C263C10-6A49-4FC7-947D-00FFB5D27DAF}.Release|x86.ActiveCfg = Release|Win32
		{0C263C10-6A49-4FC7-947D-00FFB5D27DAF}.Release|x86.Build.0 = Release|Win32
		{07BBBF91-A3F8-492A-95F8-CA4D87E403D7}.Debug|x64.ActiveCfg = Debug|x64
		{07BBBF91-A3F8-492A-95F8-CA4D87E403D7}.Debug|x64.Build.0 = Debug|x64
		{07BBBF91-A3F8-492A-95F8-CA4D87E403D7}.Debug|x86.ActiveCfg = Debug|Win32
		{07BBBF91-A3F8-492A-95F8-CA4D87E403D7}.Debug|x86.Build.0 = Debug|Win32
		{07BBBF91-A3F8-492A-95F8-CA4D87E403D7}.Release|x64.ActiveCfg = Release|x64
		{07BBBF91-A3F8-492A-95F8-CA4D87E403D7}.Release|x64.Build.0 = Release|x64
		{07BBBF91-A3F8-492A-95F8-CA4D87E403D7}.Release|x86.ActiveCfg = Release|Win32
		{07BBBF91-A3F8-492A-95F8-CA4D87E403D7}.Release|x86.Build.0 = Release|Win32
		{1EA75A93-4F3C-493D-B813-B56DE0EF7B2D}.Debug|x64.ActiveCfg = Debug|x64
		{1EA75A93-4F3C-493D-B813-B56DE0EF7B2D}.Debug|x64.Build.0 = Debug|x64
		{1EA75A93-4F3C-493D-B813-B56DE0EF7B2D}.Debug|x86.ActiveCfg = Debug|Win32
		{1EA75A93-4F3C-493D-B813-B56DE0EF7B2D}.Debug|x86.Build.0 = Debug|Win32
		{1EA75A93-4F3C-493D-B813-B56DE0EF7B2D}.Release|x64.ActiveCfg = Release|x64
		{1EA75A93-4F3C-493D-B813-B56DE0EF7B2D}.Release|x64.Build.0 = Release|x64
		{1EA75A93-4F3C-493D-B813-B56DE0EF7B2D}.Release|x86.ActiveCfg = Release|Win32
		{1EA75A93-4F3C-493D-B813-B56DE0EF7B2D}.Release|x86.Build.0 = Release|Win32
		{1141DD99-4C80-48F9-9D4D-E59889435C81}.Debug|x64.ActiveCfg = Debug|x64
		{1141DD99-4C80-48F9-9D4D-E59889435C81}.Debug|x64.Build.0 = Debug|x64
		{1141DD99-4C80-48F9-9D4D-E59889435C81}.Debug|x86.ActiveCfg = Debug|Win32
		{1141DD99-4C80-48F9-9D4D-E59889435C81}.Debug|x86.Build.0 = Debug|Win32
		{1141DD99-4C80-48F9-9D4D-E59889435C81}.Release|x64.ActiveCfg = Release|x64
		{1141DD99-4C80-48F9-9D4D-E59889435C81}.Release|x64.Build.0 = Release|x64
		{1141DD99-4C80-48F9-9D4D-E59889435C81}.Release|x86.ActiveCfg = Release|Win32
		{1141DD99-4C80-48F9-9D4D-E59889435C81}.Release|x86.Build.0 = Release|Win32
		{2C866A64-8665-4ABB-A3C0-E1E8A1274CC0}.Debug|x64.ActiveCfg = Debug|x64
		{2C866A64-8665-4ABB-A3C0-E1E8A1274CC0}.Debug|x64.Build.0 = Debug|x64
		{2C866A64-8665-4ABB-A3C0-E1E8A1274CC0}.Debug|x86.ActiveCfg = Debug|Win32
		{2C866A64-8665-4ABB-A3C0-E1E8A1274CC0}.Debug|x86.Build.0 = Debug|Win32
		{2C866A64-8665-4ABB-A3C0-E1E8A1274CC0}.Release|x64.ActiveCfg = Release|x64
		{2C866A64-8665-4ABB-A3C0-E1E8A1274CC0}.Release|x64.Build.0 = Release|x64
		{2C866A64-8665-4ABB-A3C0-E1E8A1274CC0}.Release|x86.ActiveCfg = Release|Win32
		{2C866A64-8665-4ABB-A3C0-E1E8A1274CC0}.Release|x86.Build.0 = Release|Win32
		{E0A59432-F996-4703-A840-D8AB304061ED}.Debug|x64.ActiveCfg = Debug|x64
		{E0A59432-F996-4703-A840-D8AB304061ED}.Debug|x64.Build.0 = Debug|x64
		{E0A59432-F996-4703-A840-D8AB304061ED}.Debug|x86.ActiveCfg = Debug|Win32
		{E0A59432-F996-4703-A840-D8AB304061ED}.Debug|x86.Build.0 = Debug|Win32
		{E0A59432-F996-4703-A840-D8AB304061ED}.Release|x64.ActiveCfg = Release|x64
		{E0A59432-F996-4703-A840-D8AB304061ED}.Release|x64.Build.0 = Release|x64
		{E0A59432-F996-4703-A840-D8AB304061ED}.Release|x86.ActiveCfg = Release|Win32
		{E0A59432-F996-4703-A840-D8AB304061ED}.Release|x86.Build.0 = Release|Win32
		{51CF672E-BD11-490B-BCA5-5BED82BB3CA4}.Debug|x64.ActiveCfg = Debug|x64
		{51CF672E-BD11-490B-BCA5-5BED82BB3CA4}.Debug|x64.Build.0 = Debug|x64
		{51CF672E-BD11-490B-BCA5-5BED82BB3CA4}.Debug|x86.ActiveCfg = Debug|Win32
		{51CF672E-BD11-490B-BCA5-5BED82BB3CA4}.Debug|x86.Build.0 = Debug|Win32
		{51CF672E-BD11-490B-BCA5-5BED82BB3CA4}.Release|x64.ActiveCfg = Release|x64
		{51CF672E-BD11-490B-BCA5-5BED82BB3CA4}.Release|x64.Build.0 = Release|x64
		{51CF672E-BD11-490B-BCA5-5BED82BB3CA4}.Release|x86.ActiveCfg = Release|Win32
		{51CF672E-BD11-490B-BCA5-5BED82BB3CA4}.Release|x86.Build.0 = Release|Win32
		{B49EBA1E-CA90-4B5C-9709-1D23119B2AF7}.Debug|x64.ActiveCfg = Debug|x64
		{B49EBA1E-CA90-4B5C-9709-1D23119B2AF7}.Debug|x64.Build.0 = Debug|x64
		{B49EBA1E-CA90-4B5C-9709-1D23119B2AF7}.Debug|x86.ActiveCfg = Debug|Win32
		{B49EBA1E-CA90-4B5C-9709-1D23119B2AF7}.Debug|x86.Build.0 = Debug|Win32
		{B49EBA1E-CA90-4B5C-9709-1D23119B2AF7}.Release|x64.ActiveCfg = Release|x64
		{B49EBA1E-CA90-4B5C-9709-1D23119B2AF7}.Release|x64.Build.0 = Release|x64
		{B49EBA1E-CA90-4B5C-9709-1D23119B2AF7}.Release|x86.ActiveCfg = Release|Win32
		{B49EBA1E-CA90-4B5C-9709-1D23119B2AF7}.Release|x86.Build.0 = Release|Win32
		{D626AE21-05A6-45E5-A5D0-116604BE6720}.Debug|x64.ActiveCfg = Debug|x64
		{D626AE21-05A6-45E5-A5D0-116604BE6720}.Debug|x64.Build.0 = Debug|x64
		{D626AE21-05A6-45E5-A5D0-116604BE6720}.Debug|x86.ActiveCfg = Debug|Win32
		{D626AE21-05A6-45E5-A5D0-116604BE6720}.Debug|x86.Build.0 = Debug|Win32
		{D626AE21-05A6-45E5-A5D0-116604BE6720}.Release|x64.ActiveCfg = Release|x64
		{D626AE21-05A6-45E5-A5D0-116604BE6720}.Release|x64.Build.0 = Release|x64
		{D626AE21-05A6-45E5-A5D0-116604BE6720}.Release|x86.ActiveCfg = Release|Win32
		{D626AE21-05A6-45E5-A5D0-116604BE6720}.Release|x86.Build.0 = Release|Win32
		{B4721170-C9BA-4FB0-8BE2-6F5E2550FC6C}.Debug|x64.ActiveCfg = Debug|x64
		{B4721170-C9BA-4FB0-8BE2-6F5E2550FC6C}.Debug|x64.Build.0 = Debug|x64
		{B4721170-C9BA-4FB0-8BE2-6F5E2550FC6C}.Debug|x86.ActiveCfg = Debug|Win32
		{B4721170-C9BA-4FB0-8BE2-6F5E2550FC6C}.Debug|x86.Build.0 = Debug|Win32
		{B4721170-C9BA-4FB0-8BE2-6F5E2550FC6C}.Release|x64.ActiveCfg = Release|x64
		{B4721170-C9BA-4FB0-8BE2-6F5E2550FC6C}.Release|x64.Build.0 = Release|x64
		{B4721170-C9BA-4FB0-8BE2-6F5E2550FC6C}.Release|x86.ActiveCfg = Release|Win32
		{B4721170-C9BA-4FB0-8BE2-6F5E2550FC6C}.Release|x86.Build.0 = Release|Win32
		{A34E98BA-9AF6-453C-B890-617F288F203D}.Debug|x64.ActiveCfg = Debug|x64
		{A34E98BA-9AF6-453C-B890-617F288F203D}.Debug|x64.Build.0 = Debug|x64
		{A34E98BA-9AF6-453C-B890-617F288F203D}.Debug|x86.ActiveCfg = Debug|Win32
		{A34E98BA-9AF6-453C-B890-617F288F203D}.Debug|x86.Build.0 = Debug|Win32
		{A34E98BA-9AF6-453C-B890-617F288F203D}.Release|x64.ActiveCfg = Release|x64
		{A34E98BA-9AF6-453C-B890-617F288F203D}.Release|x64.Build.0 = Release|x64
		{A34E98BA-9AF6-453C-B890-617F288F203D}.Release|x86.ActiveCfg = Release|Win32
		{A34E98BA-9AF6-453C-B890-617F288F203D}.Release|x86.Build.0 = Release|Win32
		{D2B589EB-03A0-4ED4-A537-2C50458DD32D}.Debug|x64.ActiveCfg = Debug|x64
		{D2B589EB-03A0-4ED4-A537-2C50458DD32D}.Debug|x64.Build.0 = Debug|x64
		{D2B589EB-03A0-4ED4-A537-2C50458DD32D}.Debug|x86.ActiveCfg = Debug|Win32
		{D2B589EB-03A0-4ED4-A537-2C50458DD32D}.Debug|x86.Build.0 = Debug|Win32
		{D2B589EB-03A0-4ED4-A537-2C50458DD32D}.Release|x64.ActiveCfg = Release|x64
		{D2B589EB-03A0-4ED4-A537-2C50458DD32D}.Release|x64.Build.0 = Release|x64
		{D2B589EB-03A0-4ED4-A537-2C50458DD32D}.Release|x86.ActiveCfg = Release|Win32
		{D2B589EB-03A0-4ED4-A537-2C50458DD32D}.Release|x86.Build.0 = Release|Win32
	EndGlobalSection
	GlobalSection(SolutionProperties) = preSolution
		HideSolutionNode = FALSE
	EndGlobalSection
	GlobalSection(ExtensibilityGlobals) = postSolution
		SolutionGuid = {3C3DA2EA-5AE5-4F3E-8B73-DAE27A0EDB9F}
	EndGlobalSection
EndGlobal
